
Microsoft Visual Studio Solution File, Format Version 12.00
# Visual Studio Version 16
VisualStudioVersion = 16.6.30114.105
MinimumVisualStudioVersion = 10.0.40219.1
Project("{FAE04EC0-301F-11D3-BF4B-00C04F79EFBC}") = "API", "API\API.csproj", "{E2467A88-7D65-4650-A71D-B1CF75C686A4}"
EndProject
Project("{FAE04EC0-301F-11D3-BF4B-00C04F79EFBC}") = "Application", "Application\Application.csproj", "{D58999DC-394D-42B5-BE8D-46A7CCF8684D}"
EndProject
Project("{FAE04EC0-301F-11D3-BF4B-00C04F79EFBC}") = "Persistence", "Persistence\Persistence.csproj", "{66A9D8D9-7CCE-4DDB-BF85-69E56746E0F5}"
EndProject
Project("{FAE04EC0-301F-11D3-BF4B-00C04F79EFBC}") = "Domain", "Domain\Domain.csproj", "{F249093C-57B4-4749-B552-10BBFF348CC4}"
EndProject
Global
	GlobalSection(SolutionConfigurationPlatforms) = preSolution
		Debug|Any CPU = Debug|Any CPU
		Debug|x64 = Debug|x64
		Debug|x86 = Debug|x86
		Release|Any CPU = Release|Any CPU
		Release|x64 = Release|x64
		Release|x86 = Release|x86
	EndGlobalSection
	GlobalSection(SolutionProperties) = preSolution
		HideSolutionNode = FALSE
	EndGlobalSection
	GlobalSection(ProjectConfigurationPlatforms) = postSolution
		{E2467A88-7D65-4650-A71D-B1CF75C686A4}.Debug|Any CPU.ActiveCfg = Debug|Any CPU
		{E2467A88-7D65-4650-A71D-B1CF75C686A4}.Debug|Any CPU.Build.0 = Debug|Any CPU
		{E2467A88-7D65-4650-A71D-B1CF75C686A4}.Debug|x64.ActiveCfg = Debug|Any CPU
		{E2467A88-7D65-4650-A71D-B1CF75C686A4}.Debug|x64.Build.0 = Debug|Any CPU
		{E2467A88-7D65-4650-A71D-B1CF75C686A4}.Debug|x86.ActiveCfg = Debug|Any CPU
		{E2467A88-7D65-4650-A71D-B1CF75C686A4}.Debug|x86.Build.0 = Debug|Any CPU
		{E2467A88-7D65-4650-A71D-B1CF75C686A4}.Release|Any CPU.ActiveCfg = Release|Any CPU
		{E2467A88-7D65-4650-A71D-B1CF75C686A4}.Release|Any CPU.Build.0 = Release|Any CPU
		{E2467A88-7D65-4650-A71D-B1CF75C686A4}.Release|x64.ActiveCfg = Release|Any CPU
		{E2467A88-7D65-4650-A71D-B1CF75C686A4}.Release|x64.Build.0 = Release|Any CPU
		{E2467A88-7D65-4650-A71D-B1CF75C686A4}.Release|x86.ActiveCfg = Release|Any CPU
		{E2467A88-7D65-4650-A71D-B1CF75C686A4}.Release|x86.Build.0 = Release|Any CPU
		{D58999DC-394D-42B5-BE8D-46A7CCF8684D}.Debug|Any CPU.ActiveCfg = Debug|Any CPU
		{D58999DC-394D-42B5-BE8D-46A7CCF8684D}.Debug|Any CPU.Build.0 = Debug|Any CPU
		{D58999DC-394D-42B5-BE8D-46A7CCF8684D}.Debug|x64.ActiveCfg = Debug|Any CPU
		{D58999DC-394D-42B5-BE8D-46A7CCF8684D}.Debug|x64.Build.0 = Debug|Any CPU
		{D58999DC-394D-42B5-BE8D-46A7CCF8684D}.Debug|x86.ActiveCfg = Debug|Any CPU
		{D58999DC-394D-42B5-BE8D-46A7CCF8684D}.Debug|x86.Build.0 = Debug|Any CPU
		{D58999DC-394D-42B5-BE8D-46A7CCF8684D}.Release|Any CPU.ActiveCfg = Release|Any CPU
		{D58999DC-394D-42B5-BE8D-46A7CCF8684D}.Release|Any CPU.Build.0 = Release|Any CPU
		{D58999DC-394D-42B5-BE8D-46A7CCF8684D}.Release|x64.ActiveCfg = Release|Any CPU
		{D58999DC-394D-42B5-BE8D-46A7CCF8684D}.Release|x64.Build.0 = Release|Any CPU
		{D58999DC-394D-42B5-BE8D-46A7CCF8684D}.Release|x86.ActiveCfg = Release|Any CPU
		{D58999DC-394D-42B5-BE8D-46A7CCF8684D}.Release|x86.Build.0 = Release|Any CPU
		{66A9D8D9-7CCE-4DDB-BF85-69E56746E0F5}.Debug|Any CPU.ActiveCfg = Debug|Any CPU
		{66A9D8D9-7CCE-4DDB-BF85-69E56746E0F5}.Debug|Any CPU.Build.0 = Debug|Any CPU
		{66A9D8D9-7CCE-4DDB-BF85-69E56746E0F5}.Debug|x64.ActiveCfg = Debug|Any CPU
		{66A9D8D9-7CCE-4DDB-BF85-69E56746E0F5}.Debug|x64.Build.0 = Debug|Any CPU
		{66A9D8D9-7CCE-4DDB-BF85-69E56746E0F5}.Debug|x86.ActiveCfg = Debug|Any CPU
		{66A9D8D9-7CCE-4DDB-BF85-69E56746E0F5}.Debug|x86.Build.0 = Debug|Any CPU
		{66A9D8D9-7CCE-4DDB-BF85-69E56746E0F5}.Release|Any CPU.ActiveCfg = Release|Any CPU
		{66A9D8D9-7CCE-4DDB-BF85-69E56746E0F5}.Release|Any CPU.Build.0 = Release|Any CPU
		{66A9D8D9-7CCE-4DDB-BF85-69E56746E0F5}.Release|x64.ActiveCfg = Release|Any CPU
		{66A9D8D9-7CCE-4DDB-BF85-69E56746E0F5}.Release|x64.Build.0 = Release|Any CPU
		{66A9D8D9-7CCE-4DDB-BF85-69E56746E0F5}.Release|x86.ActiveCfg = Release|Any CPU
		{66A9D8D9-7CCE-4DDB-BF85-69E56746E0F5}.Release|x86.Build.0 = Release|Any CPU
		{F249093C-57B4-4749-B552-10BBFF348CC4}.Debug|Any CPU.ActiveCfg = Debug|Any CPU
		{F249093C-57B4-4749-B552-10BBFF348CC4}.Debug|Any CPU.Build.0 = Debug|Any CPU
		{F249093C-57B4-4749-B552-10BBFF348CC4}.Debug|x64.ActiveCfg = Debug|Any CPU
		{F249093C-57B4-4749-B552-10BBFF348CC4}.Debug|x64.Build.0 = Debug|Any CPU
		{F249093C-57B4-4749-B552-10BBFF348CC4}.Debug|x86.ActiveCfg = Debug|Any CPU
		{F249093C-57B4-4749-B552-10BBFF348CC4}.Debug|x86.Build.0 = Debug|Any CPU
		{F249093C-57B4-4749-B552-10BBFF348CC4}.Release|Any CPU.ActiveCfg = Release|Any CPU
		{F249093C-57B4-4749-B552-10BBFF348CC4}.Release|Any CPU.Build.0 = Release|Any CPU
		{F249093C-57B4-4749-B552-10BBFF348CC4}.Release|x64.ActiveCfg = Release|Any CPU
		{F249093C-57B4-4749-B552-10BBFF348CC4}.Release|x64.Build.0 = Release|Any CPU
		{F249093C-57B4-4749-B552-10BBFF348CC4}.Release|x86.ActiveCfg = Release|Any CPU
		{F249093C-57B4-4749-B552-10BBFF348CC4}.Release|x86.Build.0 = Release|Any CPU
	EndGlobalSection
EndGlobal
